// !$*UTF8*$!
{
	archiveVersion = 1;
	classes = {
	};
	objectVersion = 56;
	objects = {

/* Begin PBXBuildFile section */
		22C727362B19D67C009EFA25 /* AppDelegate.swift in Sources */ = {isa = PBXBuildFile; fileRef = 22C727352B19D67C009EFA25 /* AppDelegate.swift */; };
		22C727382B19D67C009EFA25 /* SceneDelegate.swift in Sources */ = {isa = PBXBuildFile; fileRef = 22C727372B19D67C009EFA25 /* SceneDelegate.swift */; };
		22C7273A2B19D67C009EFA25 /* ViewController.swift in Sources */ = {isa = PBXBuildFile; fileRef = 22C727392B19D67C009EFA25 /* ViewController.swift */; };
		22C7273D2B19D67C009EFA25 /* Main.storyboard in Resources */ = {isa = PBXBuildFile; fileRef = 22C7273B2B19D67C009EFA25 /* Main.storyboard */; };
		22C7273F2B19D67D009EFA25 /* Assets.xcassets in Resources */ = {isa = PBXBuildFile; fileRef = 22C7273E2B19D67D009EFA25 /* Assets.xcassets */; };
		22C727422B19D67D009EFA25 /* LaunchScreen.storyboard in Resources */ = {isa = PBXBuildFile; fileRef = 22C727402B19D67D009EFA25 /* LaunchScreen.storyboard */; };
		22C7274D2B19D67D009EFA25 /* VIPER_ArchitectureTests.swift in Sources */ = {isa = PBXBuildFile; fileRef = 22C7274C2B19D67D009EFA25 /* VIPER_ArchitectureTests.swift */; };
		22C727572B19D67D009EFA25 /* VIPER_ArchitectureUITests.swift in Sources */ = {isa = PBXBuildFile; fileRef = 22C727562B19D67D009EFA25 /* VIPER_ArchitectureUITests.swift */; };
		22C727592B19D67D009EFA25 /* VIPER_ArchitectureUITestsLaunchTests.swift in Sources */ = {isa = PBXBuildFile; fileRef = 22C727582B19D67D009EFA25 /* VIPER_ArchitectureUITestsLaunchTests.swift */; };
/* End PBXBuildFile section */

/* Begin PBXContainerItemProxy section */
		22C727492B19D67D009EFA25 /* PBXContainerItemProxy */ = {
			isa = PBXContainerItemProxy;
			containerPortal = 22C7272A2B19D67C009EFA25 /* Project object */;
			proxyType = 1;
			remoteGlobalIDString = 22C727312B19D67C009EFA25;
			remoteInfo = "VIPER-Architecture";
		};
		22C727532B19D67D009EFA25 /* PBXContainerItemProxy */ = {
			isa = PBXContainerItemProxy;
			containerPortal = 22C7272A2B19D67C009EFA25 /* Project object */;
			proxyType = 1;
			remoteGlobalIDString = 22C727312B19D67C009EFA25;
			remoteInfo = "VIPER-Architecture";
		};
/* End PBXContainerItemProxy section */

/* Begin PBXFileReference section */
		22C727322B19D67C009EFA25 /* VIPER-Architecture.app */ = {isa = PBXFileReference; explicitFileType = wrapper.application; includeInIndex = 0; path = "VIPER-Architecture.app"; sourceTree = BUILT_PRODUCTS_DIR; };
		22C727352B19D67C009EFA25 /* AppDelegate.swift */ = {isa = PBXFileReference; lastKnownFileType = sourcecode.swift; path = AppDelegate.swift; sourceTree = "<group>"; };
		22C727372B19D67C009EFA25 /* SceneDelegate.swift */ = {isa = PBXFileReference; lastKnownFileType = sourcecode.swift; path = SceneDelegate.swift; sourceTree = "<group>"; };
		22C727392B19D67C009EFA25 /* ViewController.swift */ = {isa = PBXFileReference; lastKnownFileType = sourcecode.swift; path = ViewController.swift; sourceTree = "<group>"; };
		22C7273C2B19D67C009EFA25 /* Base */ = {isa = PBXFileReference; lastKnownFileType = file.storyboard; name = Base; path = Base.lproj/Main.storyboard; sourceTree = "<group>"; };
		22C7273E2B19D67D009EFA25 /* Assets.xcassets */ = {isa = PBXFileReference; lastKnownFileType = folder.assetcatalog; path = Assets.xcassets; sourceTree = "<group>"; };
		22C727412B19D67D009EFA25 /* Base */ = {isa = PBXFileReference; lastKnownFileType = file.storyboard; name = Base; path = Base.lproj/LaunchScreen.storyboard; sourceTree = "<group>"; };
		22C727432B19D67D009EFA25 /* Info.plist */ = {isa = PBXFileReference; lastKnownFileType = text.plist.xml; path = Info.plist; sourceTree = "<group>"; };
		22C727482B19D67D009EFA25 /* VIPER-ArchitectureTests.xctest */ = {isa = PBXFileReference; explicitFileType = wrapper.cfbundle; includeInIndex = 0; path = "VIPER-ArchitectureTests.xctest"; sourceTree = BUILT_PRODUCTS_DIR; };
		22C7274C2B19D67D009EFA25 /* VIPER_ArchitectureTests.swift */ = {isa = PBXFileReference; lastKnownFileType = sourcecode.swift; path = VIPER_ArchitectureTests.swift; sourceTree = "<group>"; };
		22C727522B19D67D009EFA25 /* VIPER-ArchitectureUITests.xctest */ = {isa = PBXFileReference; explicitFileType = wrapper.cfbundle; includeInIndex = 0; path = "VIPER-ArchitectureUITests.xctest"; sourceTree = BUILT_PRODUCTS_DIR; };
		22C727562B19D67D009EFA25 /* VIPER_ArchitectureUITests.swift */ = {isa = PBXFileReference; lastKnownFileType = sourcecode.swift; path = VIPER_ArchitectureUITests.swift; sourceTree = "<group>"; };
		22C727582B19D67D009EFA25 /* VIPER_ArchitectureUITestsLaunchTests.swift */ = {isa = PBXFileReference; lastKnownFileType = sourcecode.swift; path = VIPER_ArchitectureUITestsLaunchTests.swift; sourceTree = "<group>"; };
/* End PBXFileReference section */

/* Begin PBXFrameworksBuildPhase section */
		22C7272F2B19D67C009EFA25 /* Frameworks */ = {
			isa = PBXFrameworksBuildPhase;
			buildActionMask = 2147483647;
			files = (
			);
			runOnlyForDeploymentPostprocessing = 0;
		};
		22C727452B19D67D009EFA25 /* Frameworks */ = {
			isa = PBXFrameworksBuildPhase;
			buildActionMask = 2147483647;
			files = (
			);
			runOnlyForDeploymentPostprocessing = 0;
		};
		22C7274F2B19D67D009EFA25 /* Frameworks */ = {
			isa = PBXFrameworksBuildPhase;
			buildActionMask = 2147483647;
			files = (
			);
			runOnlyForDeploymentPostprocessing = 0;
		};
/* End PBXFrameworksBuildPhase section */

/* Begin PBXGroup section */
		22C727292B19D67C009EFA25 = {
			isa = PBXGroup;
			children = (
				22C727342B19D67C009EFA25 /* VIPER-Architecture */,
				22C7274B2B19D67D009EFA25 /* VIPER-ArchitectureTests */,
				22C727552B19D67D009EFA25 /* VIPER-ArchitectureUITests */,
				22C727332B19D67C009EFA25 /* Products */,
			);
			sourceTree = "<group>";
		};
		22C727332B19D67C009EFA25 /* Products */ = {
			isa = PBXGroup;
			children = (
				22C727322B19D67C009EFA25 /* VIPER-Architecture.app */,
				22C727482B19D67D009EFA25 /* VIPER-ArchitectureTests.xctest */,
				22C727522B19D67D009EFA25 /* VIPER-ArchitectureUITests.xctest */,
			);
			name = Products;
			sourceTree = "<group>";
		};
		22C727342B19D67C009EFA25 /* VIPER-Architecture */ = {
			isa = PBXGroup;
			children = (
				22C727352B19D67C009EFA25 /* AppDelegate.swift */,
				22C727372B19D67C009EFA25 /* SceneDelegate.swift */,
				22C727392B19D67C009EFA25 /* ViewController.swift */,
				22C7273B2B19D67C009EFA25 /* Main.storyboard */,
				22C7273E2B19D67D009EFA25 /* Assets.xcassets */,
				22C727402B19D67D009EFA25 /* LaunchScreen.storyboard */,
				22C727432B19D67D009EFA25 /* Info.plist */,
			);
			path = "VIPER-Architecture";
			sourceTree = "<group>";
		};
		22C7274B2B19D67D009EFA25 /* VIPER-ArchitectureTests */ = {
			isa = PBXGroup;
			children = (
				22C7274C2B19D67D009EFA25 /* VIPER_ArchitectureTests.swift */,
			);
			path = "VIPER-ArchitectureTests";
			sourceTree = "<group>";
		};
		22C727552B19D67D009EFA25 /* VIPER-ArchitectureUITests */ = {
			isa = PBXGroup;
			children = (
				22C727562B19D67D009EFA25 /* VIPER_ArchitectureUITests.swift */,
				22C727582B19D67D009EFA25 /* VIPER_ArchitectureUITestsLaunchTests.swift */,
			);
			path = "VIPER-ArchitectureUITests";
			sourceTree = "<group>";
		};
/* End PBXGroup section */

/* Begin PBXNativeTarget section */
		22C727312B19D67C009EFA25 /* VIPER-Architecture */ = {
			isa = PBXNativeTarget;
			buildConfigurationList = 22C7275C2B19D67D009EFA25 /* Build configuration list for PBXNativeTarget "VIPER-Architecture" */;
			buildPhases = (
				22C7272E2B19D67C009EFA25 /* Sources */,
				22C7272F2B19D67C009EFA25 /* Frameworks */,
				22C727302B19D67C009EFA25 /* Resources */,
			);
			buildRules = (
			);
			dependencies = (
			);
			name = "VIPER-Architecture";
			productName = "VIPER-Architecture";
			productReference = 22C727322B19D67C009EFA25 /* VIPER-Architecture.app */;
			productType = "com.apple.product-type.application";
		};
		22C727472B19D67D009EFA25 /* VIPER-ArchitectureTests */ = {
			isa = PBXNativeTarget;
			buildConfigurationList = 22C7275F2B19D67D009EFA25 /* Build configuration list for PBXNativeTarget "VIPER-ArchitectureTests" */;
			buildPhases = (
				22C727442B19D67D009EFA25 /* Sources */,
				22C727452B19D67D009EFA25 /* Frameworks */,
				22C727462B19D67D009EFA25 /* Resources */,
			);
			buildRules = (
			);
			dependencies = (
				22C7274A2B19D67D009EFA25 /* PBXTargetDependency */,
			);
			name = "VIPER-ArchitectureTests";
			productName = "VIPER-ArchitectureTests";
			productReference = 22C727482B19D67D009EFA25 /* VIPER-ArchitectureTests.xctest */;
			productType = "com.apple.product-type.bundle.unit-test";
		};
		22C727512B19D67D009EFA25 /* VIPER-ArchitectureUITests */ = {
			isa = PBXNativeTarget;
			buildConfigurationList = 22C727622B19D67D009EFA25 /* Build configuration list for PBXNativeTarget "VIPER-ArchitectureUITests" */;
			buildPhases = (
				22C7274E2B19D67D009EFA25 /* Sources */,
				22C7274F2B19D67D009EFA25 /* Frameworks */,
				22C727502B19D67D009EFA25 /* Resources */,
			);
			buildRules = (
			);
			dependencies = (
				22C727542B19D67D009EFA25 /* PBXTargetDependency */,
			);
			name = "VIPER-ArchitectureUITests";
			productName = "VIPER-ArchitectureUITests";
			productReference = 22C727522B19D67D009EFA25 /* VIPER-ArchitectureUITests.xctest */;
			productType = "com.apple.product-type.bundle.ui-testing";
		};
/* End PBXNativeTarget section */

/* Begin PBXProject section */
		22C7272A2B19D67C009EFA25 /* Project object */ = {
			isa = PBXProject;
			attributes = {
				BuildIndependentTargetsInParallel = 1;
				LastSwiftUpdateCheck = 1430;
				LastUpgradeCheck = 1430;
				TargetAttributes = {
					22C727312B19D67C009EFA25 = {
						CreatedOnToolsVersion = 14.3.1;
					};
					22C727472B19D67D009EFA25 = {
						CreatedOnToolsVersion = 14.3.1;
						TestTargetID = 22C727312B19D67C009EFA25;
					};
					22C727512B19D67D009EFA25 = {
						CreatedOnToolsVersion = 14.3.1;
						TestTargetID = 22C727312B19D67C009EFA25;
					};
				};
			};
			buildConfigurationList = 22C7272D2B19D67C009EFA25 /* Build configuration list for PBXProject "VIPER-Architecture" */;
			compatibilityVersion = "Xcode 14.0";
			developmentRegion = en;
			hasScannedForEncodings = 0;
			knownRegions = (
				en,
				Base,
			);
			mainGroup = 22C727292B19D67C009EFA25;
			productRefGroup = 22C727332B19D67C009EFA25 /* Products */;
			projectDirPath = "";
			projectRoot = "";
			targets = (
				22C727312B19D67C009EFA25 /* VIPER-Architecture */,
				22C727472B19D67D009EFA25 /* VIPER-ArchitectureTests */,
				22C727512B19D67D009EFA25 /* VIPER-ArchitectureUITests */,
			);
		};
/* End PBXProject section */

/* Begin PBXResourcesBuildPhase section */
		22C727302B19D67C009EFA25 /* Resources */ = {
			isa = PBXResourcesBuildPhase;
			buildActionMask = 2147483647;
			files = (
				22C727422B19D67D009EFA25 /* LaunchScreen.storyboard in Resources */,
				22C7273F2B19D67D009EFA25 /* Assets.xcassets in Resources */,
				22C7273D2B19D67C009EFA25 /* Main.storyboard in Resources */,
			);
			runOnlyForDeploymentPostprocessing = 0;
		};
		22C727462B19D67D009EFA25 /* Resources */ = {
			isa = PBXResourcesBuildPhase;
			buildActionMask = 2147483647;
			files = (
			);
			runOnlyForDeploymentPostprocessing = 0;
		};
		22C727502B19D67D009EFA25 /* Resources */ = {
			isa = PBXResourcesBuildPhase;
			buildActionMask = 2147483647;
			files = (
			);
			runOnlyForDeploymentPostprocessing = 0;
		};
/* End PBXResourcesBuildPhase section */

/* Begin PBXSourcesBuildPhase section */
		22C7272E2B19D67C009EFA25 /* Sources */ = {
			isa = PBXSourcesBuildPhase;
			buildActionMask = 2147483647;
			files = (
				22C7273A2B19D67C009EFA25 /* ViewController.swift in Sources */,
				22C727362B19D67C009EFA25 /* AppDelegate.swift in Sources */,
				22C727382B19D67C009EFA25 /* SceneDelegate.swift in Sources */,
			);
			runOnlyForDeploymentPostprocessing = 0;
		};
		22C727442B19D67D009EFA25 /* Sources */ = {
			isa = PBXSourcesBuildPhase;
			buildActionMask = 2147483647;
			files = (
				22C7274D2B19D67D009EFA25 /* VIPER_ArchitectureTests.swift in Sources */,
			);
			runOnlyForDeploymentPostprocessing = 0;
		};
		22C7274E2B19D67D009EFA25 /* Sources */ = {
			isa = PBXSourcesBuildPhase;
			buildActionMask = 2147483647;
			files = (
				22C727592B19D67D009EFA25 /* VIPER_ArchitectureUITestsLaunchTests.swift in Sources */,
				22C727572B19D67D009EFA25 /* VIPER_ArchitectureUITests.swift in Sources */,
			);
			runOnlyForDeploymentPostprocessing = 0;
		};
/* End PBXSourcesBuildPhase section */

/* Begin PBXTargetDependency section */
		22C7274A2B19D67D009EFA25 /* PBXTargetDependency */ = {
			isa = PBXTargetDependency;
			target = 22C727312B19D67C009EFA25 /* VIPER-Architecture */;
			targetProxy = 22C727492B19D67D009EFA25 /* PBXContainerItemProxy */;
		};
		22C727542B19D67D009EFA25 /* PBXTargetDependency */ = {
			isa = PBXTargetDependency;
			target = 22C727312B19D67C009EFA25 /* VIPER-Architecture */;
			targetProxy = 22C727532B19D67D009EFA25 /* PBXContainerItemProxy */;
		};
/* End PBXTargetDependency section */

/* Begin PBXVariantGroup section */
		22C7273B2B19D67C009EFA25 /* Main.storyboard */ = {
			isa = PBXVariantGroup;
			children = (
				22C7273C2B19D67C009EFA25 /* Base */,
			);
			name = Main.storyboard;
			sourceTree = "<group>";
		};
		22C727402B19D67D009EFA25 /* LaunchScreen.storyboard */ = {
			isa = PBXVariantGroup;
			children = (
				22C727412B19D67D009EFA25 /* Base */,
			);
			name = LaunchScreen.storyboard;
			sourceTree = "<group>";
		};
/* End PBXVariantGroup section */

/* Begin XCBuildConfiguration section */
		22C7275A2B19D67D009EFA25 /* Debug */ = {
			isa = XCBuildConfiguration;
			buildSettings = {
				ALWAYS_SEARCH_USER_PATHS = NO;
				CLANG_ANALYZER_NONNULL = YES;
				CLANG_ANALYZER_NUMBER_OBJECT_CONVERSION = YES_AGGRESSIVE;
				CLANG_CXX_LANGUAGE_STANDARD = "gnu++20";
				CLANG_ENABLE_MODULES = YES;
				CLANG_ENABLE_OBJC_ARC = YES;
				CLANG_ENABLE_OBJC_WEAK = YES;
				CLANG_WARN_BLOCK_CAPTURE_AUTORELEASING = YES;
				CLANG_WARN_BOOL_CONVERSION = YES;
				CLANG_WARN_COMMA = YES;
				CLANG_WARN_CONSTANT_CONVERSION = YES;
				CLANG_WARN_DEPRECATED_OBJC_IMPLEMENTATIONS = YES;
				CLANG_WARN_DIRECT_OBJC_ISA_USAGE = YES_ERROR;
				CLANG_WARN_DOCUMENTATION_COMMENTS = YES;
				CLANG_WARN_EMPTY_BODY = YES;
				CLANG_WARN_ENUM_CONVERSION = YES;
				CLANG_WARN_INFINITE_RECURSION = YES;
				CLANG_WARN_INT_CONVERSION = YES;
				CLANG_WARN_NON_LITERAL_NULL_CONVERSION = YES;
				CLANG_WARN_OBJC_IMPLICIT_RETAIN_SELF = YES;
				CLANG_WARN_OBJC_LITERAL_CONVERSION = YES;
				CLANG_WARN_OBJC_ROOT_CLASS = YES_ERROR;
				CLANG_WARN_QUOTED_INCLUDE_IN_FRAMEWORK_HEADER = YES;
				CLANG_WARN_RANGE_LOOP_ANALYSIS = YES;
				CLANG_WARN_STRICT_PROTOTYPES = YES;
				CLANG_WARN_SUSPICIOUS_MOVE = YES;
				CLANG_WARN_UNGUARDED_AVAILABILITY = YES_AGGRESSIVE;
				CLANG_WARN_UNREACHABLE_CODE = YES;
				CLANG_WARN__DUPLICATE_METHOD_MATCH = YES;
				COPY_PHASE_STRIP = NO;
				DEBUG_INFORMATION_FORMAT = dwarf;
				ENABLE_STRICT_OBJC_MSGSEND = YES;
				ENABLE_TESTABILITY = YES;
				GCC_C_LANGUAGE_STANDARD = gnu11;
				GCC_DYNAMIC_NO_PIC = NO;
				GCC_NO_COMMON_BLOCKS = YES;
				GCC_OPTIMIZATION_LEVEL = 0;
				GCC_PREPROCESSOR_DEFINITIONS = (
					"DEBUG=1",
					"$(inherited)",
				);
				GCC_WARN_64_TO_32_BIT_CONVERSION = YES;
				GCC_WARN_ABOUT_RETURN_TYPE = YES_ERROR;
				GCC_WARN_UNDECLARED_SELECTOR = YES;
				GCC_WARN_UNINITIALIZED_AUTOS = YES_AGGRESSIVE;
				GCC_WARN_UNUSED_FUNCTION = YES;
				GCC_WARN_UNUSED_VARIABLE = YES;
				IPHONEOS_DEPLOYMENT_TARGET = 16.4;
				MTL_ENABLE_DEBUG_INFO = INCLUDE_SOURCE;
				MTL_FAST_MATH = YES;
				ONLY_ACTIVE_ARCH = YES;
				SDKROOT = iphoneos;
				SWIFT_ACTIVE_COMPILATION_CONDITIONS = DEBUG;
				SWIFT_OPTIMIZATION_LEVEL = "-Onone";
			};
			name = Debug;
		};
		22C7275B2B19D67D009EFA25 /* Release */ = {
			isa = XCBuildConfiguration;
			buildSettings = {
				ALWAYS_SEARCH_USER_PATHS = NO;
				CLANG_ANALYZER_NONNULL = YES;
				CLANG_ANALYZER_NUMBER_OBJECT_CONVERSION = YES_AGGRESSIVE;
				CLANG_CXX_LANGUAGE_STANDARD = "gnu++20";
				CLANG_ENABLE_MODULES = YES;
				CLANG_ENABLE_OBJC_ARC = YES;
				CLANG_ENABLE_OBJC_WEAK = YES;
				CLANG_WARN_BLOCK_CAPTURE_AUTORELEASING = YES;
				CLANG_WARN_BOOL_CONVERSION = YES;
				CLANG_WARN_COMMA = YES;
				CLANG_WARN_CONSTANT_CONVERSION = YES;
				CLANG_WARN_DEPRECATED_OBJC_IMPLEMENTATIONS = YES;
				CLANG_WARN_DIRECT_OBJC_ISA_USAGE = YES_ERROR;
				CLANG_WARN_DOCUMENTATION_COMMENTS = YES;
				CLANG_WARN_EMPTY_BODY = YES;
				CLANG_WARN_ENUM_CONVERSION = YES;
				CLANG_WARN_INFINITE_RECURSION = YES;
				CLANG_WARN_INT_CONVERSION = YES;
				CLANG_WARN_NON_LITERAL_NULL_CONVERSION = YES;
				CLANG_WARN_OBJC_IMPLICIT_RETAIN_SELF = YES;
				CLANG_WARN_OBJC_LITERAL_CONVERSION = YES;
				CLANG_WARN_OBJC_ROOT_CLASS = YES_ERROR;
				CLANG_WARN_QUOTED_INCLUDE_IN_FRAMEWORK_HEADER = YES;
				CLANG_WARN_RANGE_LOOP_ANALYSIS = YES;
				CLANG_WARN_STRICT_PROTOTYPES = YES;
				CLANG_WARN_SUSPICIOUS_MOVE = YES;
				CLANG_WARN_UNGUARDED_AVAILABILITY = YES_AGGRESSIVE;
				CLANG_WARN_UNREACHABLE_CODE = YES;
				CLANG_WARN__DUPLICATE_METHOD_MATCH = YES;
				COPY_PHASE_STRIP = NO;
				DEBUG_INFORMATION_FORMAT = "dwarf-with-dsym";
				ENABLE_NS_ASSERTIONS = NO;
				ENABLE_STRICT_OBJC_MSGSEND = YES;
				GCC_C_LANGUAGE_STANDARD = gnu11;
				GCC_NO_COMMON_BLOCKS = YES;
				GCC_WARN_64_TO_32_BIT_CONVERSION = YES;
				GCC_WARN_ABOUT_RETURN_TYPE = YES_ERROR;
				GCC_WARN_UNDECLARED_SELECTOR = YES;
				GCC_WARN_UNINITIALIZED_AUTOS = YES_AGGRESSIVE;
				GCC_WARN_UNUSED_FUNCTION = YES;
				GCC_WARN_UNUSED_VARIABLE = YES;
				IPHONEOS_DEPLOYMENT_TARGET = 16.4;
				MTL_ENABLE_DEBUG_INFO = NO;
				MTL_FAST_MATH = YES;
				SDKROOT = iphoneos;
				SWIFT_COMPILATION_MODE = wholemodule;
				SWIFT_OPTIMIZATION_LEVEL = "-O";
				VALIDATE_PRODUCT = YES;
			};
			name = Release;
		};
		22C7275D2B19D67D009EFA25 /* Debug */ = {
			isa = XCBuildConfiguration;
			buildSettings = {
				ASSETCATALOG_COMPILER_APPICON_NAME = AppIcon;
				ASSETCATALOG_COMPILER_GLOBAL_ACCENT_COLOR_NAME = AccentColor;
				CODE_SIGN_STYLE = Automatic;
				CURRENT_PROJECT_VERSION = 1;
				DEVELOPMENT_TEAM = YNB9LNY7NB;
				GENERATE_INFOPLIST_FILE = YES;
				INFOPLIST_FILE = "VIPER-Architecture/Info.plist";
				INFOPLIST_KEY_UIApplicationSupportsIndirectInputEvents = YES;
				INFOPLIST_KEY_UILaunchStoryboardName = LaunchScreen;
				INFOPLIST_KEY_UIMainStoryboardFile = Main;
				INFOPLIST_KEY_UISupportedInterfaceOrientations_iPad = "UIInterfaceOrientationPortrait UIInterfaceOrientationPortraitUpsideDown UIInterfaceOrientationLandscapeLeft UIInterfaceOrientationLandscapeRight";
				INFOPLIST_KEY_UISupportedInterfaceOrientations_iPhone = "UIInterfaceOrientationPortrait UIInterfaceOrientationLandscapeLeft UIInterfaceOrientationLandscapeRight";
				LD_RUNPATH_SEARCH_PATHS = (
					"$(inherited)",
					"@executable_path/Frameworks",
				);
				MARKETING_VERSION = 1.0;
				PRODUCT_BUNDLE_IDENTIFIER = "burhandundar.VIPER-Architecture";
				PRODUCT_NAME = "$(TARGET_NAME)";
				SWIFT_EMIT_LOC_STRINGS = YES;
				SWIFT_VERSION = 5.0;
				TARGETED_DEVICE_FAMILY = "1,2";
			};
			name = Debug;
		};
		22C7275E2B19D67D009EFA25 /* Release */ = {
			isa = XCBuildConfiguration;
			buildSettings = {
				ASSETCATALOG_COMPILER_APPICON_NAME = AppIcon;
				ASSETCATALOG_COMPILER_GLOBAL_ACCENT_COLOR_NAME = AccentColor;
				CODE_SIGN_STYLE = Automatic;
				CURRENT_PROJECT_VERSION = 1;
				DEVELOPMENT_TEAM = YNB9LNY7NB;
				GENERATE_INFOPLIST_FILE = YES;
				INFOPLIST_FILE = "VIPER-Architecture/Info.plist";
				INFOPLIST_KEY_UIApplicationSupportsIndirectInputEvents = YES;
				INFOPLIST_KEY_UILaunchStoryboardName = LaunchScreen;
				INFOPLIST_KEY_UIMainStoryboardFile = Main;
				INFOPLIST_KEY_UISupportedInterfaceOrientations_iPad = "UIInterfaceOrientationPortrait UIInterfaceOrientationPortraitUpsideDown UIInterfaceOrientationLandscapeLeft UIInterfaceOrientationLandscapeRight";
				INFOPLIST_KEY_UISupportedInterfaceOrientations_iPhone = "UIInterfaceOrientationPortrait UIInterfaceOrientationLandscapeLeft UIInterfaceOrientationLandscapeRight";
				LD_RUNPATH_SEARCH_PATHS = (
					"$(inherited)",
					"@executable_path/Frameworks",
				);
				MARKETING_VERSION = 1.0;
				PRODUCT_BUNDLE_IDENTIFIER = "burhandundar.VIPER-Architecture";
				PRODUCT_NAME = "$(TARGET_NAME)";
				SWIFT_EMIT_LOC_STRINGS = YES;
				SWIFT_VERSION = 5.0;
				TARGETED_DEVICE_FAMILY = "1,2";
			};
			name = Release;
		};
		22C727602B19D67D009EFA25 /* Debug */ = {
			isa = XCBuildConfiguration;
			buildSettings = {
				ALWAYS_EMBED_SWIFT_STANDARD_LIBRARIES = YES;
				BUNDLE_LOADER = "$(TEST_HOST)";
				CODE_SIGN_STYLE = Automatic;
				CURRENT_PROJECT_VERSION = 1;
				DEVELOPMENT_TEAM = YNB9LNY7NB;
				GENERATE_INFOPLIST_FILE = YES;
				IPHONEOS_DEPLOYMENT_TARGET = 16.4;
				MARKETING_VERSION = 1.0;
				PRODUCT_BUNDLE_IDENTIFIER = "burhandundar.VIPER-ArchitectureTests";
				PRODUCT_NAME = "$(TARGET_NAME)";
				SWIFT_EMIT_LOC_STRINGS = NO;
				SWIFT_VERSION = 5.0;
				TARGETED_DEVICE_FAMILY = "1,2";
				TEST_HOST = "$(BUILT_PRODUCTS_DIR)/VIPER-Architecture.app/$(BUNDLE_EXECUTABLE_FOLDER_PATH)/VIPER-Architecture";
			};
			name = Debug;
		};
		22C727612B19D67D009EFA25 /* Release */ = {
			isa = XCBuildConfiguration;
			buildSettings = {
				ALWAYS_EMBED_SWIFT_STANDARD_LIBRARIES = YES;
				BUNDLE_LOADER = "$(TEST_HOST)";
				CODE_SIGN_STYLE = Automatic;
				CURRENT_PROJECT_VERSION = 1;
				DEVELOPMENT_TEAM = YNB9LNY7NB;
				GENERATE_INFOPLIST_FILE = YES;
				IPHONEOS_DEPLOYMENT_TARGET = 16.4;
				MARKETING_VERSION = 1.0;
				PRODUCT_BUNDLE_IDENTIFIER = "burhandundar.VIPER-ArchitectureTests";
				PRODUCT_NAME = "$(TARGET_NAME)";
				SWIFT_EMIT_LOC_STRINGS = NO;
				SWIFT_VERSION = 5.0;
				TARGETED_DEVICE_FAMILY = "1,2";
				TEST_HOST = "$(BUILT_PRODUCTS_DIR)/VIPER-Architecture.app/$(BUNDLE_EXECUTABLE_FOLDER_PATH)/VIPER-Architecture";
			};
			name = Release;
		};
		22C727632B19D67D009EFA25 /* Debug */ = {
			isa = XCBuildConfiguration;
			buildSettings = {
				ALWAYS_EMBED_SWIFT_STANDARD_LIBRARIES = YES;
				CODE_SIGN_STYLE = Automatic;
				CURRENT_PROJECT_VERSION = 1;
				DEVELOPMENT_TEAM = YNB9LNY7NB;
				GENERATE_INFOPLIST_FILE = YES;
				MARKETING_VERSION = 1.0;
				PRODUCT_BUNDLE_IDENTIFIER = "burhandundar.VIPER-ArchitectureUITests";
				PRODUCT_NAME = "$(TARGET_NAME)";
				SWIFT_EMIT_LOC_STRINGS = NO;
				SWIFT_VERSION = 5.0;
				TARGETED_DEVICE_FAMILY = "1,2";
				TEST_TARGET_NAME = "VIPER-Architecture";
			};
			name = Debug;
		};
		22C727642B19D67D009EFA25 /* Release */ = {
			isa = XCBuildConfiguration;
			buildSettings = {
				ALWAYS_EMBED_SWIFT_STANDARD_LIBRARIES = YES;
				CODE_SIGN_STYLE = Automatic;
				CURRENT_PROJECT_VERSION = 1;
				DEVELOPMENT_TEAM = YNB9LNY7NB;
				GENERATE_INFOPLIST_FILE = YES;
				MARKETING_VERSION = 1.0;
				PRODUCT_BUNDLE_IDENTIFIER = "burhandundar.VIPER-ArchitectureUITests";
				PRODUCT_NAME = "$(TARGET_NAME)";
				SWIFT_EMIT_LOC_STRINGS = NO;
				SWIFT_VERSION = 5.0;
				TARGETED_DEVICE_FAMILY = "1,2";
				TEST_TARGET_NAME = "VIPER-Architecture";
			};
			name = Release;
		};
/* End XCBuildConfiguration section */

/* Begin XCConfigurationList section */
		22C7272D2B19D67C009EFA25 /* Build configuration list for PBXProject "VIPER-Architecture" */ = {
			isa = XCConfigurationList;
			buildConfigurations = (
				22C7275A2B19D67D009EFA25 /* Debug */,
				22C7275B2B19D67D009EFA25 /* Release */,
			);
			defaultConfigurationIsVisible = 0;
			defaultConfigurationName = Release;
		};
		22C7275C2B19D67D009EFA25 /* Build configuration list for PBXNativeTarget "VIPER-Architecture" */ = {
			isa = XCConfigurationList;
			buildConfigurations = (
				22C7275D2B19D67D009EFA25 /* Debug */,
				22C7275E2B19D67D009EFA25 /* Release */,
			);
			defaultConfigurationIsVisible = 0;
			defaultConfigurationName = Release;
		};
		22C7275F2B19D67D009EFA25 /* Build configuration list for PBXNativeTarget "VIPER-ArchitectureTests" */ = {
			isa = XCConfigurationList;
			buildConfigurations = (
				22C727602B19D67D009EFA25 /* Debug */,
				22C727612B19D67D009EFA25 /* Release */,
			);
			defaultConfigurationIsVisible = 0;
			defaultConfigurationName = Release;
		};
		22C727622B19D67D009EFA25 /* Build configuration list for PBXNativeTarget "VIPER-ArchitectureUITests" */ = {
			isa = XCConfigurationList;
			buildConfigurations = (
				22C727632B19D67D009EFA25 /* Debug */,
				22C727642B19D67D009EFA25 /* Release */,
			);
			defaultConfigurationIsVisible = 0;
			defaultConfigurationName = Release;
		};
/* End XCConfigurationList section */
	};
	rootObject = 22C7272A2B19D67C009EFA25 /* Project object */;
}
